
Microsoft Visual Studio Solution File, Format Version 12.00
# Visual Studio 15
VisualStudioVersion = 15.0.27130.2010
MinimumVisualStudioVersion = 10.0.40219.1
Project("{FAE04EC0-301F-11D3-BF4B-00C04F79EFBC}") = "WcfApp", "WcfApp\WcfApp.csproj", "{45D79C84-D8BA-49F2-BD5E-FCEA29E5EA4A}"
EndProject
Project("{FAE04EC0-301F-11D3-BF4B-00C04F79EFBC}") = "WcfService", "WcfService\WcfService.csproj", "{38327A39-55E4-4EE4-A100-D1E1A9C58B75}"
EndProject
Project("{FAE04EC0-301F-11D3-BF4B-00C04F79EFBC}") = "WcfClientApp", "WcfClientApp\WcfClientApp.csproj", "{016870E4-9948-4158-8C33-2ECA3DCD46A2}"
EndProject
Global
	GlobalSection(SolutionConfigurationPlatforms) = preSolution
		Debug|Any CPU = Debug|Any CPU
		Release|Any CPU = Release|Any CPU
	EndGlobalSection
	GlobalSection(ProjectConfigurationPlatforms) = postSolution
		{45D79C84-D8BA-49F2-BD5E-FCEA29E5EA4A}.Debug|Any CPU.ActiveCfg = Debug|Any CPU
		{45D79C84-D8BA-49F2-BD5E-FCEA29E5EA4A}.Debug|Any CPU.Build.0 = Debug|Any CPU
		{45D79C84-D8BA-49F2-BD5E-FCEA29E5EA4A}.Release|Any CPU.ActiveCfg = Release|Any CPU
		{45D79C84-D8BA-49F2-BD5E-FCEA29E5EA4A}.Release|Any CPU.Build.0 = Release|Any CPU
		{38327A39-55E4-4EE4-A100-D1E1A9C58B75}.Debug|Any CPU.ActiveCfg = Debug|Any CPU
		{38327A39-55E4-4EE4-A100-D1E1A9C58B75}.Debug|Any CPU.Build.0 = Debug|Any CPU
		{38327A39-55E4-4EE4-A100-D1E1A9C58B75}.Release|Any CPU.ActiveCfg = Release|Any CPU
		{38327A39-55E4-4EE4-A100-D1E1A9C58B75}.Release|Any CPU.Build.0 = Release|Any CPU
		{016870E4-9948-4158-8C33-2ECA3DCD46A2}.Debug|Any CPU.ActiveCfg = Debug|Any CPU
		{016870E4-9948-4158-8C33-2ECA3DCD46A2}.Debug|Any CPU.Build.0 = Debug|Any CPU
		{016870E4-9948-4158-8C33-2ECA3DCD46A2}.Release|Any CPU.ActiveCfg = Release|Any CPU
		{016870E4-9948-4158-8C33-2ECA3DCD46A2}.Release|Any CPU.Build.0 = Release|Any CPU
	EndGlobalSection
	GlobalSection(SolutionProperties) = preSolution
		HideSolutionNode = FALSE
	EndGlobalSection
	GlobalSection(ExtensibilityGlobals) = postSolution
		SolutionGuid = {B3300E61-757D-4B15-AF9E-6A5108452E39}
	EndGlobalSection
EndGlobal
